// !$*UTF8*$!
{
	archiveVersion = 1;
	classes = {
	};
	objectVersion = 46;
	objects = {

/* Begin PBXBuildFile section */
		142108087D9CECA47735F9CD /* libPods.a in Frameworks */ = {isa = PBXBuildFile; fileRef = FD572736DF5D94C2F84AEC46 /* libPods.a */; };
		A26433381AD6D42B002D08B2 /* main.m in Sources */ = {isa = PBXBuildFile; fileRef = A26433371AD6D42B002D08B2 /* main.m */; };
		A264333B1AD6D42B002D08B2 /* AppDelegate.m in Sources */ = {isa = PBXBuildFile; fileRef = A264333A1AD6D42B002D08B2 /* AppDelegate.m */; };
		A264333E1AD6D42C002D08B2 /* ViewController.m in Sources */ = {isa = PBXBuildFile; fileRef = A264333D1AD6D42C002D08B2 /* ViewController.m */; };
		A26433411AD6D42C002D08B2 /* Main.storyboard in Resources */ = {isa = PBXBuildFile; fileRef = A264333F1AD6D42C002D08B2 /* Main.storyboard */; };
		A26433431AD6D42C002D08B2 /* Images.xcassets in Resources */ = {isa = PBXBuildFile; fileRef = A26433421AD6D42C002D08B2 /* Images.xcassets */; };
		A26433461AD6D42C002D08B2 /* LaunchScreen.xib in Resources */ = {isa = PBXBuildFile; fileRef = A26433441AD6D42C002D08B2 /* LaunchScreen.xib */; };
		A26433521AD6D42C002D08B2 /* ParseBugTests.m in Sources */ = {isa = PBXBuildFile; fileRef = A26433511AD6D42C002D08B2 /* ParseBugTests.m */; };
/* End PBXBuildFile section */

/* Begin PBXContainerItemProxy section */
		A264334C1AD6D42C002D08B2 /* PBXContainerItemProxy */ = {
			isa = PBXContainerItemProxy;
			containerPortal = A264332A1AD6D42B002D08B2 /* Project object */;
			proxyType = 1;
			remoteGlobalIDString = A26433311AD6D42B002D08B2;
			remoteInfo = ParseBug;
		};
/* End PBXContainerItemProxy section */

/* Begin PBXFileReference section */
		19F4C3769D4D90D48F6EA5EE /* Pods.debug.xcconfig */ = {isa = PBXFileReference; includeInIndex = 1; lastKnownFileType = text.xcconfig; name = Pods.debug.xcconfig; path = "Pods/Target Support Files/Pods/Pods.debug.xcconfig"; sourceTree = "<group>"; };
		41730851BC96FEE7D2CBFF92 /* Pods.release.xcconfig */ = {isa = PBXFileReference; includeInIndex = 1; lastKnownFileType = text.xcconfig; name = Pods.release.xcconfig; path = "Pods/Target Support Files/Pods/Pods.release.xcconfig"; sourceTree = "<group>"; };
		A26433321AD6D42B002D08B2 /* ParseBug.app */ = {isa = PBXFileReference; explicitFileType = wrapper.application; includeInIndex = 0; path = ParseBug.app; sourceTree = BUILT_PRODUCTS_DIR; };
		A26433361AD6D42B002D08B2 /* Info.plist */ = {isa = PBXFileReference; lastKnownFileType = text.plist.xml; path = Info.plist; sourceTree = "<group>"; };
		A26433371AD6D42B002D08B2 /* main.m */ = {isa = PBXFileReference; lastKnownFileType = sourcecode.c.objc; path = main.m; sourceTree = "<group>"; };
		A26433391AD6D42B002D08B2 /* AppDelegate.h */ = {isa = PBXFileReference; lastKnownFileType = sourcecode.c.h; path = AppDelegate.h; sourceTree = "<group>"; };
		A264333A1AD6D42B002D08B2 /* AppDelegate.m */ = {isa = PBXFileReference; lastKnownFileType = sourcecode.c.objc; path = AppDelegate.m; sourceTree = "<group>"; };
		A264333C1AD6D42B002D08B2 /* ViewController.h */ = {isa = PBXFileReference; lastKnownFileType = sourcecode.c.h; path = ViewController.h; sourceTree = "<group>"; };
		A264333D1AD6D42C002D08B2 /* ViewController.m */ = {isa = PBXFileReference; lastKnownFileType = sourcecode.c.objc; path = ViewController.m; sourceTree = "<group>"; };
		A26433401AD6D42C002D08B2 /* Base */ = {isa = PBXFileReference; lastKnownFileType = file.storyboard; name = Base; path = Base.lproj/Main.storyboard; sourceTree = "<group>"; };
		A26433421AD6D42C002D08B2 /* Images.xcassets */ = {isa = PBXFileReference; lastKnownFileType = folder.assetcatalog; path = Images.xcassets; sourceTree = "<group>"; };
		A26433451AD6D42C002D08B2 /* Base */ = {isa = PBXFileReference; lastKnownFileType = file.xib; name = Base; path = Base.lproj/LaunchScreen.xib; sourceTree = "<group>"; };
		A264334B1AD6D42C002D08B2 /* ParseBugTests.xctest */ = {isa = PBXFileReference; explicitFileType = wrapper.cfbundle; includeInIndex = 0; path = ParseBugTests.xctest; sourceTree = BUILT_PRODUCTS_DIR; };
		A26433501AD6D42C002D08B2 /* Info.plist */ = {isa = PBXFileReference; lastKnownFileType = text.plist.xml; path = Info.plist; sourceTree = "<group>"; };
		A26433511AD6D42C002D08B2 /* ParseBugTests.m */ = {isa = PBXFileReference; lastKnownFileType = sourcecode.c.objc; path = ParseBugTests.m; sourceTree = "<group>"; };
		FD572736DF5D94C2F84AEC46 /* libPods.a */ = {isa = PBXFileReference; explicitFileType = archive.ar; includeInIndex = 0; path = libPods.a; sourceTree = BUILT_PRODUCTS_DIR; };
/* End PBXFileReference section */

/* Begin PBXFrameworksBuildPhase section */
		A264332F1AD6D42B002D08B2 /* Frameworks */ = {
			isa = PBXFrameworksBuildPhase;
			buildActionMask = 2147483647;
			files = (
				142108087D9CECA47735F9CD /* libPods.a in Frameworks */,
			);
			runOnlyForDeploymentPostprocessing = 0;
		};
		A26433481AD6D42C002D08B2 /* Frameworks */ = {
			isa = PBXFrameworksBuildPhase;
			buildActionMask = 2147483647;
			files = (
			);
			runOnlyForDeploymentPostprocessing = 0;
		};
/* End PBXFrameworksBuildPhase section */

/* Begin PBXGroup section */
		1249B6E2D97FE089EFF58F73 /* Pods */ = {
			isa = PBXGroup;
			children = (
				19F4C3769D4D90D48F6EA5EE /* Pods.debug.xcconfig */,
				41730851BC96FEE7D2CBFF92 /* Pods.release.xcconfig */,
			);
			name = Pods;
			sourceTree = "<group>";
		};
		A26433291AD6D42B002D08B2 = {
			isa = PBXGroup;
			children = (
				A26433341AD6D42B002D08B2 /* ParseBug */,
				A264334E1AD6D42C002D08B2 /* ParseBugTests */,
				A26433331AD6D42B002D08B2 /* Products */,
				1249B6E2D97FE089EFF58F73 /* Pods */,
				D4AD4DD527A8627056676162 /* Frameworks */,
			);
			sourceTree = "<group>";
		};
		A26433331AD6D42B002D08B2 /* Products */ = {
			isa = PBXGroup;
			children = (
				A26433321AD6D42B002D08B2 /* ParseBug.app */,
				A264334B1AD6D42C002D08B2 /* ParseBugTests.xctest */,
			);
			name = Products;
			sourceTree = "<group>";
		};
		A26433341AD6D42B002D08B2 /* ParseBug */ = {
			isa = PBXGroup;
			children = (
				A26433391AD6D42B002D08B2 /* AppDelegate.h */,
				A264333A1AD6D42B002D08B2 /* AppDelegate.m */,
				A264333C1AD6D42B002D08B2 /* ViewController.h */,
				A264333D1AD6D42C002D08B2 /* ViewController.m */,
				A264333F1AD6D42C002D08B2 /* Main.storyboard */,
				A26433421AD6D42C002D08B2 /* Images.xcassets */,
				A26433441AD6D42C002D08B2 /* LaunchScreen.xib */,
				A26433351AD6D42B002D08B2 /* Supporting Files */,
			);
			path = ParseBug;
			sourceTree = "<group>";
		};
		A26433351AD6D42B002D08B2 /* Supporting Files */ = {
			isa = PBXGroup;
			children = (
				A26433361AD6D42B002D08B2 /* Info.plist */,
				A26433371AD6D42B002D08B2 /* main.m */,
			);
			name = "Supporting Files";
			sourceTree = "<group>";
		};
		A264334E1AD6D42C002D08B2 /* ParseBugTests */ = {
			isa = PBXGroup;
			children = (
				A26433511AD6D42C002D08B2 /* ParseBugTests.m */,
				A264334F1AD6D42C002D08B2 /* Supporting Files */,
			);
			path = ParseBugTests;
			sourceTree = "<group>";
		};
		A264334F1AD6D42C002D08B2 /* Supporting Files */ = {
			isa = PBXGroup;
			children = (
				A26433501AD6D42C002D08B2 /* Info.plist */,
			);
			name = "Supporting Files";
			sourceTree = "<group>";
		};
		D4AD4DD527A8627056676162 /* Frameworks */ = {
			isa = PBXGroup;
			children = (
				FD572736DF5D94C2F84AEC46 /* libPods.a */,
			);
			name = Frameworks;
			sourceTree = "<group>";
		};
/* End PBXGroup section */

/* Begin PBXNativeTarget section */
		A26433311AD6D42B002D08B2 /* ParseBug */ = {
			isa = PBXNativeTarget;
			buildConfigurationList = A26433551AD6D42C002D08B2 /* Build configuration list for PBXNativeTarget "ParseBug" */;
			buildPhases = (
				7ADD65CB82552072B1F076A5 /* Check Pods Manifest.lock */,
				A264332E1AD6D42B002D08B2 /* Sources */,
				A264332F1AD6D42B002D08B2 /* Frameworks */,
				A26433301AD6D42B002D08B2 /* Resources */,
				606E28D575F3ECF7701A5C4A /* Copy Pods Resources */,
			);
			buildRules = (
			);
			dependencies = (
			);
			name = ParseBug;
			productName = ParseBug;
			productReference = A26433321AD6D42B002D08B2 /* ParseBug.app */;
			productType = "com.apple.product-type.application";
		};
		A264334A1AD6D42C002D08B2 /* ParseBugTests */ = {
			isa = PBXNativeTarget;
			buildConfigurationList = A26433581AD6D42C002D08B2 /* Build configuration list for PBXNativeTarget "ParseBugTests" */;
			buildPhases = (
				A26433471AD6D42C002D08B2 /* Sources */,
				A26433481AD6D42C002D08B2 /* Frameworks */,
				A26433491AD6D42C002D08B2 /* Resources */,
			);
			buildRules = (
			);
			dependencies = (
				A264334D1AD6D42C002D08B2 /* PBXTargetDependency */,
			);
			name = ParseBugTests;
			productName = ParseBugTests;
			productReference = A264334B1AD6D42C002D08B2 /* ParseBugTests.xctest */;
			productType = "com.apple.product-type.bundle.unit-test";
		};
/* End PBXNativeTarget section */

/* Begin PBXProject section */
		A264332A1AD6D42B002D08B2 /* Project object */ = {
			isa = PBXProject;
			attributes = {
				LastUpgradeCheck = 0610;
				ORGANIZATIONNAME = "Contail Software, LLC";
				TargetAttributes = {
					A26433311AD6D42B002D08B2 = {
						CreatedOnToolsVersion = 6.1.1;
					};
					A264334A1AD6D42C002D08B2 = {
						CreatedOnToolsVersion = 6.1.1;
						TestTargetID = A26433311AD6D42B002D08B2;
					};
				};
			};
			buildConfigurationList = A264332D1AD6D42B002D08B2 /* Build configuration list for PBXProject "ParseBug" */;
			compatibilityVersion = "Xcode 3.2";
			developmentRegion = English;
			hasScannedForEncodings = 0;
			knownRegions = (
				en,
				Base,
			);
			mainGroup = A26433291AD6D42B002D08B2;
			productRefGroup = A26433331AD6D42B002D08B2 /* Products */;
			projectDirPath = "";
			projectRoot = "";
			targets = (
				A26433311AD6D42B002D08B2 /* ParseBug */,
				A264334A1AD6D42C002D08B2 /* ParseBugTests */,
			);
		};
/* End PBXProject section */

/* Begin PBXResourcesBuildPhase section */
		A26433301AD6D42B002D08B2 /* Resources */ = {
			isa = PBXResourcesBuildPhase;
			buildActionMask = 2147483647;
			files = (
				A26433411AD6D42C002D08B2 /* Main.storyboard in Resources */,
				A26433461AD6D42C002D08B2 /* LaunchScreen.xib in Resources */,
				A26433431AD6D42C002D08B2 /* Images.xcassets in Resources */,
			);
			runOnlyForDeploymentPostprocessing = 0;
		};
		A26433491AD6D42C002D08B2 /* Resources */ = {
			isa = PBXResourcesBuildPhase;
			buildActionMask = 2147483647;
			files = (
			);
			runOnlyForDeploymentPostprocessing = 0;
		};
/* End PBXResourcesBuildPhase section */

/* Begin PBXShellScriptBuildPhase section */
		606E28D575F3ECF7701A5C4A /* Copy Pods Resources */ = {
			isa = PBXShellScriptBuildPhase;
			buildActionMask = 2147483647;
			files = (
			);
			inputPaths = (
			);
			name = "Copy Pods Resources";
			outputPaths = (
			);
			runOnlyForDeploymentPostprocessing = 0;
			shellPath = /bin/sh;
			shellScript = "\"${SRCROOT}/Pods/Target Support Files/Pods/Pods-resources.sh\"\n";
			showEnvVarsInLog = 0;
		};
		7ADD65CB82552072B1F076A5 /* Check Pods Manifest.lock */ = {
			isa = PBXShellScriptBuildPhase;
			buildActionMask = 2147483647;
			files = (
			);
			inputPaths = (
			);
			name = "Check Pods Manifest.lock";
			outputPaths = (
			);
			runOnlyForDeploymentPostprocessing = 0;
			shellPath = /bin/sh;
			shellScript = "diff \"${PODS_ROOT}/../Podfile.lock\" \"${PODS_ROOT}/Manifest.lock\" > /dev/null\nif [[ $? != 0 ]] ; then\n    cat << EOM\nerror: The sandbox is not in sync with the Podfile.lock. Run 'pod install' or update your CocoaPods installation.\nEOM\n    exit 1\nfi\n";
			showEnvVarsInLog = 0;
		};
/* End PBXShellScriptBuildPhase section */

/* Begin PBXSourcesBuildPhase section */
		A264332E1AD6D42B002D08B2 /* Sources */ = {
			isa = PBXSourcesBuildPhase;
			buildActionMask = 2147483647;
			files = (
				A264333E1AD6D42C002D08B2 /* ViewController.m in Sources */,
				A264333B1AD6D42B002D08B2 /* AppDelegate.m in Sources */,
				A26433381AD6D42B002D08B2 /* main.m in Sources */,
			);
			runOnlyForDeploymentPostprocessing = 0;
		};
		A26433471AD6D42C002D08B2 /* Sources */ = {
			isa = PBXSourcesBuildPhase;
			buildActionMask = 2147483647;
			files = (
				A26433521AD6D42C002D08B2 /* ParseBugTests.m in Sources */,
			);
			runOnlyForDeploymentPostprocessing = 0;
		};
/* End PBXSourcesBuildPhase section */

/* Begin PBXTargetDependency section */
		A264334D1AD6D42C002D08B2 /* PBXTargetDependency */ = {
			isa = PBXTargetDependency;
			target = A26433311AD6D42B002D08B2 /* ParseBug */;
			targetProxy = A264334C1AD6D42C002D08B2 /* PBXContainerItemProxy */;
		};
/* End PBXTargetDependency section */

/* Begin PBXVariantGroup section */
		A264333F1AD6D42C002D08B2 /* Main.storyboard */ = {
			isa = PBXVariantGroup;
			children = (
				A26433401AD6D42C002D08B2 /* Base */,
			);
			name = Main.storyboard;
			sourceTree = "<group>";
		};
		A26433441AD6D42C002D08B2 /* LaunchScreen.xib */ = {
			isa = PBXVariantGroup;
			children = (
				A26433451AD6D42C002D08B2 /* Base */,
			);
			name = LaunchScreen.xib;
			sourceTree = "<group>";
		};
/* End PBXVariantGroup section */

/* Begin XCBuildConfiguration section */
		A26433531AD6D42C002D08B2 /* Debug */ = {
			isa = XCBuildConfiguration;
			buildSettings = {
				ALWAYS_SEARCH_USER_PATHS = NO;
				CLANG_CXX_LANGUAGE_STANDARD = "gnu++0x";
				CLANG_CXX_LIBRARY = "libc++";
				CLANG_ENABLE_MODULES = YES;
				CLANG_ENABLE_OBJC_ARC = YES;
				CLANG_WARN_BOOL_CONVERSION = YES;
				CLANG_WARN_CONSTANT_CONVERSION = YES;
				CLANG_WARN_DIRECT_OBJC_ISA_USAGE = YES_ERROR;
				CLANG_WARN_EMPTY_BODY = YES;
				CLANG_WARN_ENUM_CONVERSION = YES;
				CLANG_WARN_INT_CONVERSION = YES;
				CLANG_WARN_OBJC_ROOT_CLASS = YES_ERROR;
				CLANG_WARN_UNREACHABLE_CODE = YES;
				CLANG_WARN__DUPLICATE_METHOD_MATCH = YES;
				"CODE_SIGN_IDENTITY[sdk=iphoneos*]" = "iPhone Developer";
				COPY_PHASE_STRIP = NO;
				ENABLE_STRICT_OBJC_MSGSEND = YES;
				GCC_C_LANGUAGE_STANDARD = gnu99;
				GCC_DYNAMIC_NO_PIC = NO;
				GCC_OPTIMIZATION_LEVEL = 0;
				GCC_PREPROCESSOR_DEFINITIONS = (
					"DEBUG=1",
					"$(inherited)",
				);
				GCC_SYMBOLS_PRIVATE_EXTERN = NO;
				GCC_WARN_64_TO_32_BIT_CONVERSION = YES;
				GCC_WARN_ABOUT_RETURN_TYPE = YES_ERROR;
				GCC_WARN_UNDECLARED_SELECTOR = YES;
				GCC_WARN_UNINITIALIZED_AUTOS = YES_AGGRESSIVE;
				GCC_WARN_UNUSED_FUNCTION = YES;
				GCC_WARN_UNUSED_VARIABLE = YES;
				IPHONEOS_DEPLOYMENT_TARGET = 8.1;
				MTL_ENABLE_DEBUG_INFO = YES;
				ONLY_ACTIVE_ARCH = YES;
				SDKROOT = iphoneos;
			};
			name = Debug;
		};
		A26433541AD6D42C002D08B2 /* Release */ = {
			isa = XCBuildConfiguration;
			buildSettings = {
				ALWAYS_SEARCH_USER_PATHS = NO;
				CLANG_CXX_LANGUAGE_STANDARD = "gnu++0x";
				CLANG_CXX_LIBRARY = "libc++";
				CLANG_ENABLE_MODULES = YES;
				CLANG_ENABLE_OBJC_ARC = YES;
				CLANG_WARN_BOOL_CONVERSION = YES;
				CLANG_WARN_CONSTANT_CONVERSION = YES;
				CLANG_WARN_DIRECT_OBJC_ISA_USAGE = YES_ERROR;
				CLANG_WARN_EMPTY_BODY = YES;
				CLANG_WARN_ENUM_CONVERSION = YES;
				CLANG_WARN_INT_CONVERSION = YES;
				CLANG_WARN_OBJC_ROOT_CLASS = YES_ERROR;
				CLANG_WARN_UNREACHABLE_CODE = YES;
				CLANG_WARN__DUPLICATE_METHOD_MATCH = YES;
				"CODE_SIGN_IDENTITY[sdk=iphoneos*]" = "iPhone Developer";
				COPY_PHASE_STRIP = YES;
				ENABLE_NS_ASSERTIONS = NO;
				ENABLE_STRICT_OBJC_MSGSEND = YES;
				GCC_C_LANGUAGE_STANDARD = gnu99;
				GCC_WARN_64_TO_32_BIT_CONVERSION = YES;
				GCC_WARN_ABOUT_RETURN_TYPE = YES_ERROR;
				GCC_WARN_UNDECLARED_SELECTOR = YES;
				GCC_WARN_UNINITIALIZED_AUTOS = YES_AGGRESSIVE;
				GCC_WARN_UNUSED_FUNCTION = YES;
				GCC_WARN_UNUSED_VARIABLE = YES;
				IPHONEOS_DEPLOYMENT_TARGET = 8.1;
				MTL_ENABLE_DEBUG_INFO = NO;
				SDKROOT = iphoneos;
				VALIDATE_PRODUCT = YES;
			};
			name = Release;
		};
		A26433561AD6D42C002D08B2 /* Debug */ = {
			isa = XCBuildConfiguration;
			baseConfigurationReference = 19F4C3769D4D90D48F6EA5EE /* Pods.debug.xcconfig */;
			buildSettings = {
				ASSETCATALOG_COMPILER_APPICON_NAME = AppIcon;
				INFOPLIST_FILE = ParseBug/Info.plist;
				IPHONEOS_DEPLOYMENT_TARGET = 8.0;
				LD_RUNPATH_SEARCH_PATHS = "$(inherited) @executable_path/Frameworks";
				PRODUCT_NAME = "$(TARGET_NAME)";
			};
			name = Debug;
		};
		A26433571AD6D42C002D08B2 /* Release */ = {
			isa = XCBuildConfiguration;
			baseConfigurationReference = 41730851BC96FEE7D2CBFF92 /* Pods.release.xcconfig */;
			buildSettings = {
				ASSETCATALOG_COMPILER_APPICON_NAME = AppIcon;
				INFOPLIST_FILE = ParseBug/Info.plist;
				IPHONEOS_DEPLOYMENT_TARGET = 8.0;
				LD_RUNPATH_SEARCH_PATHS = "$(inherited) @executable_path/Frameworks";
				PRODUCT_NAME = "$(TARGET_NAME)";
			};
			name = Release;
		};
		A26433591AD6D42C002D08B2 /* Debug */ = {
			isa = XCBuildConfiguration;
			buildSettings = {
				BUNDLE_LOADER = "$(TEST_HOST)";
				FRAMEWORK_SEARCH_PATHS = (
					"$(SDKROOT)/Developer/Library/Frameworks",
					"$(inherited)",
				);
				GCC_PREPROCESSOR_DEFINITIONS = (
					"DEBUG=1",
					"$(inherited)",
				);
				INFOPLIST_FILE = ParseBugTests/Info.plist;
				LD_RUNPATH_SEARCH_PATHS = "$(inherited) @executable_path/Frameworks @loader_path/Frameworks";
				PRODUCT_NAME = "$(TARGET_NAME)";
				TEST_HOST = "$(BUILT_PRODUCTS_DIR)/ParseBug.app/ParseBug";
			};
			name = Debug;
		};
		A264335A1AD6D42C002D08B2 /* Release */ = {
			isa = XCBuildConfiguration;
			buildSettings = {
				BUNDLE_LOADER = "$(TEST_HOST)";
				FRAMEWORK_SEARCH_PATHS = (
					"$(SDKROOT)/Developer/Library/Frameworks",
					"$(inherited)",
				);
				INFOPLIST_FILE = ParseBugTests/Info.plist;
				LD_RUNPATH_SEARCH_PATHS = "$(inherited) @executable_path/Frameworks @loader_path/Frameworks";
				PRODUCT_NAME = "$(TARGET_NAME)";
				TEST_HOST = "$(BUILT_PRODUCTS_DIR)/ParseBug.app/ParseBug";
			};
			name = Release;
		};
/* End XCBuildConfiguration section */

/* Begin XCConfigurationList section */
		A264332D1AD6D42B002D08B2 /* Build configuration list for PBXProject "ParseBug" */ = {
			isa = XCConfigurationList;
			buildConfigurations = (
				A26433531AD6D42C002D08B2 /* Debug */,
				A26433541AD6D42C002D08B2 /* Release */,
			);
			defaultConfigurationIsVisible = 0;
			defaultConfigurationName = Release;
		};
		A26433551AD6D42C002D08B2 /* Build configuration list for PBXNativeTarget "ParseBug" */ = {
			isa = XCConfigurationList;
			buildConfigurations = (
				A26433561AD6D42C002D08B2 /* Debug */,
				A26433571AD6D42C002D08B2 /* Release */,
			);
			defaultConfigurationIsVisible = 0;
			defaultConfigurationName = Release;
		};
		A26433581AD6D42C002D08B2 /* Build configuration list for PBXNativeTarget "ParseBugTests" */ = {
			isa = XCConfigurationList;
			buildConfigurations = (
				A26433591AD6D42C002D08B2 /* Debug */,
				A264335A1AD6D42C002D08B2 /* Release */,
			);
			defaultConfigurationIsVisible = 0;
			defaultConfigurationName = Release;
		};
/* End XCConfigurationList section */
	};
	rootObject = A264332A1AD6D42B002D08B2 /* Project object */;
}
